// !$*UTF8*$!
{
	archiveVersion = 1;
	classes = {
	};
	objectVersion = 46;
	objects = {

/* Begin PBXBuildFile section */
		1EBC95C71D7F209000E98C8C /* FastlaneBoxUITests.swift in Sources */ = {isa = PBXBuildFile; fileRef = 1EBC95C61D7F209000E98C8C /* FastlaneBoxUITests.swift */; };
		44585E7F1D7ED30E00C747E7 /* AppDelegate.swift in Sources */ = {isa = PBXBuildFile; fileRef = 44585E7E1D7ED30E00C747E7 /* AppDelegate.swift */; };
		44585E811D7ED30E00C747E7 /* ViewController.swift in Sources */ = {isa = PBXBuildFile; fileRef = 44585E801D7ED30E00C747E7 /* ViewController.swift */; };
		44585E841D7ED30E00C747E7 /* Main.storyboard in Resources */ = {isa = PBXBuildFile; fileRef = 44585E821D7ED30E00C747E7 /* Main.storyboard */; };
		44585E861D7ED30E00C747E7 /* Assets.xcassets in Resources */ = {isa = PBXBuildFile; fileRef = 44585E851D7ED30E00C747E7 /* Assets.xcassets */; };
		44585E891D7ED30E00C747E7 /* LaunchScreen.storyboard in Resources */ = {isa = PBXBuildFile; fileRef = 44585E871D7ED30E00C747E7 /* LaunchScreen.storyboard */; };
		44585E941D7ED30E00C747E7 /* FastlaneBoxTests.swift in Sources */ = {isa = PBXBuildFile; fileRef = 44585E931D7ED30E00C747E7 /* FastlaneBoxTests.swift */; };
/* End PBXBuildFile section */

/* Begin PBXContainerItemProxy section */
		1EBC95C91D7F209000E98C8C /* PBXContainerItemProxy */ = {
			isa = PBXContainerItemProxy;
			containerPortal = 44585E731D7ED30E00C747E7 /* Project object */;
			proxyType = 1;
			remoteGlobalIDString = 44585E7A1D7ED30E00C747E7;
			remoteInfo = FastlaneBox;
		};
		44585E901D7ED30E00C747E7 /* PBXContainerItemProxy */ = {
			isa = PBXContainerItemProxy;
			containerPortal = 44585E731D7ED30E00C747E7 /* Project object */;
			proxyType = 1;
			remoteGlobalIDString = 44585E7A1D7ED30E00C747E7;
			remoteInfo = FastlaneBox;
		};
/* End PBXContainerItemProxy section */

/* Begin PBXFileReference section */
		1EBC95C41D7F209000E98C8C /* FastlaneBoxUITests.xctest */ = {isa = PBXFileReference; explicitFileType = wrapper.cfbundle; includeInIndex = 0; path = FastlaneBoxUITests.xctest; sourceTree = BUILT_PRODUCTS_DIR; };
		1EBC95C61D7F209000E98C8C /* FastlaneBoxUITests.swift */ = {isa = PBXFileReference; lastKnownFileType = sourcecode.swift; path = FastlaneBoxUITests.swift; sourceTree = "<group>"; };
		1EBC95C81D7F209000E98C8C /* Info.plist */ = {isa = PBXFileReference; lastKnownFileType = text.plist.xml; path = Info.plist; sourceTree = "<group>"; };
		44585E7B1D7ED30E00C747E7 /* FastlaneBox.app */ = {isa = PBXFileReference; explicitFileType = wrapper.application; includeInIndex = 0; path = FastlaneBox.app; sourceTree = BUILT_PRODUCTS_DIR; };
		44585E7E1D7ED30E00C747E7 /* AppDelegate.swift */ = {isa = PBXFileReference; lastKnownFileType = sourcecode.swift; path = AppDelegate.swift; sourceTree = "<group>"; };
		44585E801D7ED30E00C747E7 /* ViewController.swift */ = {isa = PBXFileReference; lastKnownFileType = sourcecode.swift; path = ViewController.swift; sourceTree = "<group>"; };
		44585E831D7ED30E00C747E7 /* Base */ = {isa = PBXFileReference; lastKnownFileType = file.storyboard; name = Base; path = Base.lproj/Main.storyboard; sourceTree = "<group>"; };
		44585E851D7ED30E00C747E7 /* Assets.xcassets */ = {isa = PBXFileReference; lastKnownFileType = folder.assetcatalog; path = Assets.xcassets; sourceTree = "<group>"; };
		44585E881D7ED30E00C747E7 /* Base */ = {isa = PBXFileReference; lastKnownFileType = file.storyboard; name = Base; path = Base.lproj/LaunchScreen.storyboard; sourceTree = "<group>"; };
		44585E8A1D7ED30E00C747E7 /* Info.plist */ = {isa = PBXFileReference; lastKnownFileType = text.plist.xml; path = Info.plist; sourceTree = "<group>"; };
		44585E8F1D7ED30E00C747E7 /* FastlaneBoxTests.xctest */ = {isa = PBXFileReference; explicitFileType = wrapper.cfbundle; includeInIndex = 0; path = FastlaneBoxTests.xctest; sourceTree = BUILT_PRODUCTS_DIR; };
		44585E931D7ED30E00C747E7 /* FastlaneBoxTests.swift */ = {isa = PBXFileReference; lastKnownFileType = sourcecode.swift; path = FastlaneBoxTests.swift; sourceTree = "<group>"; };
		44585E951D7ED30E00C747E7 /* Info.plist */ = {isa = PBXFileReference; lastKnownFileType = text.plist.xml; path = Info.plist; sourceTree = "<group>"; };
/* End PBXFileReference section */

/* Begin PBXFrameworksBuildPhase section */
		1EBC95C11D7F209000E98C8C /* Frameworks */ = {
			isa = PBXFrameworksBuildPhase;
			buildActionMask = 2147483647;
			files = (
			);
			runOnlyForDeploymentPostprocessing = 0;
		};
		44585E781D7ED30E00C747E7 /* Frameworks */ = {
			isa = PBXFrameworksBuildPhase;
			buildActionMask = 2147483647;
			files = (
			);
			runOnlyForDeploymentPostprocessing = 0;
		};
		44585E8C1D7ED30E00C747E7 /* Frameworks */ = {
			isa = PBXFrameworksBuildPhase;
			buildActionMask = 2147483647;
			files = (
			);
			runOnlyForDeploymentPostprocessing = 0;
		};
/* End PBXFrameworksBuildPhase section */

/* Begin PBXGroup section */
		1EBC95C51D7F209000E98C8C /* FastlaneBoxUITests */ = {
			isa = PBXGroup;
			children = (
				1EBC95C61D7F209000E98C8C /* FastlaneBoxUITests.swift */,
				1EBC95C81D7F209000E98C8C /* Info.plist */,
			);
			path = FastlaneBoxUITests;
			sourceTree = "<group>";
		};
		44585E721D7ED30E00C747E7 = {
			isa = PBXGroup;
			children = (
				44585E7D1D7ED30E00C747E7 /* FastlaneBox */,
				44585E921D7ED30E00C747E7 /* FastlaneBoxTests */,
				1EBC95C51D7F209000E98C8C /* FastlaneBoxUITests */,
				44585E7C1D7ED30E00C747E7 /* Products */,
			);
			sourceTree = "<group>";
		};
		44585E7C1D7ED30E00C747E7 /* Products */ = {
			isa = PBXGroup;
			children = (
				44585E7B1D7ED30E00C747E7 /* FastlaneBox.app */,
				44585E8F1D7ED30E00C747E7 /* FastlaneBoxTests.xctest */,
				1EBC95C41D7F209000E98C8C /* FastlaneBoxUITests.xctest */,
			);
			name = Products;
			sourceTree = "<group>";
		};
		44585E7D1D7ED30E00C747E7 /* FastlaneBox */ = {
			isa = PBXGroup;
			children = (
				44585E7E1D7ED30E00C747E7 /* AppDelegate.swift */,
				44585E851D7ED30E00C747E7 /* Assets.xcassets */,
				44585E8A1D7ED30E00C747E7 /* Info.plist */,
				44585E871D7ED30E00C747E7 /* LaunchScreen.storyboard */,
				44585E821D7ED30E00C747E7 /* Main.storyboard */,
				44585E801D7ED30E00C747E7 /* ViewController.swift */,
			);
			path = FastlaneBox;
			sourceTree = "<group>";
		};
		44585E921D7ED30E00C747E7 /* FastlaneBoxTests */ = {
			isa = PBXGroup;
			children = (
				44585E931D7ED30E00C747E7 /* FastlaneBoxTests.swift */,
				44585E951D7ED30E00C747E7 /* Info.plist */,
			);
			path = FastlaneBoxTests;
			sourceTree = "<group>";
		};
/* End PBXGroup section */

/* Begin PBXNativeTarget section */
		1EBC95C31D7F209000E98C8C /* FastlaneBoxUITests */ = {
			isa = PBXNativeTarget;
			buildConfigurationList = 1EBC95CD1D7F209000E98C8C /* Build configuration list for PBXNativeTarget "FastlaneBoxUITests" */;
			buildPhases = (
				1EBC95C01D7F209000E98C8C /* Sources */,
				1EBC95C11D7F209000E98C8C /* Frameworks */,
				1EBC95C21D7F209000E98C8C /* Resources */,
			);
			buildRules = (
			);
			dependencies = (
				1EBC95CA1D7F209000E98C8C /* PBXTargetDependency */,
			);
			name = FastlaneBoxUITests;
			productName = FastlaneBoxUITests;
			productReference = 1EBC95C41D7F209000E98C8C /* FastlaneBoxUITests.xctest */;
			productType = "com.apple.product-type.bundle.ui-testing";
		};
		44585E7A1D7ED30E00C747E7 /* FastlaneBox */ = {
			isa = PBXNativeTarget;
			buildConfigurationList = 44585E981D7ED30E00C747E7 /* Build configuration list for PBXNativeTarget "FastlaneBox" */;
			buildPhases = (
				44585E771D7ED30E00C747E7 /* Sources */,
				44585E781D7ED30E00C747E7 /* Frameworks */,
				44585E791D7ED30E00C747E7 /* Resources */,
			);
			buildRules = (
			);
			dependencies = (
			);
			name = FastlaneBox;
			productName = FastlaneBox;
			productReference = 44585E7B1D7ED30E00C747E7 /* FastlaneBox.app */;
			productType = "com.apple.product-type.application";
		};
		44585E8E1D7ED30E00C747E7 /* FastlaneBoxTests */ = {
			isa = PBXNativeTarget;
			buildConfigurationList = 44585E9B1D7ED30E00C747E7 /* Build configuration list for PBXNativeTarget "FastlaneBoxTests" */;
			buildPhases = (
				44585E8B1D7ED30E00C747E7 /* Sources */,
				44585E8C1D7ED30E00C747E7 /* Frameworks */,
				44585E8D1D7ED30E00C747E7 /* Resources */,
			);
			buildRules = (
			);
			dependencies = (
				44585E911D7ED30E00C747E7 /* PBXTargetDependency */,
			);
			name = FastlaneBoxTests;
			productName = FastlaneBoxTests;
			productReference = 44585E8F1D7ED30E00C747E7 /* FastlaneBoxTests.xctest */;
			productType = "com.apple.product-type.bundle.unit-test";
		};
/* End PBXNativeTarget section */

/* Begin PBXProject section */
		44585E731D7ED30E00C747E7 /* Project object */ = {
			isa = PBXProject;
			attributes = {
				LastSwiftUpdateCheck = 0730;
				LastUpgradeCheck = 0730;
				ORGANIZATIONNAME = COMICSMART;
				TargetAttributes = {
					1EBC95C31D7F209000E98C8C = {
						CreatedOnToolsVersion = 7.3.1;
						DevelopmentTeam = KX9834768X;
						TestTargetID = 44585E7A1D7ED30E00C747E7;
					};
					44585E7A1D7ED30E00C747E7 = {
						CreatedOnToolsVersion = 7.3.1;
					};
					44585E8E1D7ED30E00C747E7 = {
						CreatedOnToolsVersion = 7.3.1;
						TestTargetID = 44585E7A1D7ED30E00C747E7;
					};
				};
			};
			buildConfigurationList = 44585E761D7ED30E00C747E7 /* Build configuration list for PBXProject "FastlaneBox" */;
			compatibilityVersion = "Xcode 3.2";
			developmentRegion = English;
			hasScannedForEncodings = 0;
			knownRegions = (
				en,
				Base,
			);
			mainGroup = 44585E721D7ED30E00C747E7;
			productRefGroup = 44585E7C1D7ED30E00C747E7 /* Products */;
			projectDirPath = "";
			projectRoot = "";
			targets = (
				44585E7A1D7ED30E00C747E7 /* FastlaneBox */,
				44585E8E1D7ED30E00C747E7 /* FastlaneBoxTests */,
				1EBC95C31D7F209000E98C8C /* FastlaneBoxUITests */,
			);
		};
/* End PBXProject section */

/* Begin PBXResourcesBuildPhase section */
		1EBC95C21D7F209000E98C8C /* Resources */ = {
			isa = PBXResourcesBuildPhase;
			buildActionMask = 2147483647;
			files = (
			);
			runOnlyForDeploymentPostprocessing = 0;
		};
		44585E791D7ED30E00C747E7 /* Resources */ = {
			isa = PBXResourcesBuildPhase;
			buildActionMask = 2147483647;
			files = (
				44585E891D7ED30E00C747E7 /* LaunchScreen.storyboard in Resources */,
				44585E861D7ED30E00C747E7 /* Assets.xcassets in Resources */,
				44585E841D7ED30E00C747E7 /* Main.storyboard in Resources */,
			);
			runOnlyForDeploymentPostprocessing = 0;
		};
		44585E8D1D7ED30E00C747E7 /* Resources */ = {
			isa = PBXResourcesBuildPhase;
			buildActionMask = 2147483647;
			files = (
			);
			runOnlyForDeploymentPostprocessing = 0;
		};
/* End PBXResourcesBuildPhase section */

/* Begin PBXSourcesBuildPhase section */
		1EBC95C01D7F209000E98C8C /* Sources */ = {
			isa = PBXSourcesBuildPhase;
			buildActionMask = 2147483647;
			files = (
				1EBC95C71D7F209000E98C8C /* FastlaneBoxUITests.swift in Sources */,
			);
			runOnlyForDeploymentPostprocessing = 0;
		};
		44585E771D7ED30E00C747E7 /* Sources */ = {
			isa = PBXSourcesBuildPhase;
			buildActionMask = 2147483647;
			files = (
				44585E811D7ED30E00C747E7 /* ViewController.swift in Sources */,
				44585E7F1D7ED30E00C747E7 /* AppDelegate.swift in Sources */,
			);
			runOnlyForDeploymentPostprocessing = 0;
		};
		44585E8B1D7ED30E00C747E7 /* Sources */ = {
			isa = PBXSourcesBuildPhase;
			buildActionMask = 2147483647;
			files = (
				44585E941D7ED30E00C747E7 /* FastlaneBoxTests.swift in Sources */,
			);
			runOnlyForDeploymentPostprocessing = 0;
		};
/* End PBXSourcesBuildPhase section */

/* Begin PBXTargetDependency section */
		1EBC95CA1D7F209000E98C8C /* PBXTargetDependency */ = {
			isa = PBXTargetDependency;
			target = 44585E7A1D7ED30E00C747E7 /* FastlaneBox */;
			targetProxy = 1EBC95C91D7F209000E98C8C /* PBXContainerItemProxy */;
		};
		44585E911D7ED30E00C747E7 /* PBXTargetDependency */ = {
			isa = PBXTargetDependency;
			target = 44585E7A1D7ED30E00C747E7 /* FastlaneBox */;
			targetProxy = 44585E901D7ED30E00C747E7 /* PBXContainerItemProxy */;
		};
/* End PBXTargetDependency section */

/* Begin PBXVariantGroup section */
		44585E821D7ED30E00C747E7 /* Main.storyboard */ = {
			isa = PBXVariantGroup;
			children = (
				44585E831D7ED30E00C747E7 /* Base */,
			);
			name = Main.storyboard;
			path = .;
			sourceTree = "<group>";
		};
		44585E871D7ED30E00C747E7 /* LaunchScreen.storyboard */ = {
			isa = PBXVariantGroup;
			children = (
				44585E881D7ED30E00C747E7 /* Base */,
			);
			name = LaunchScreen.storyboard;
			path = .;
			sourceTree = "<group>";
		};
/* End PBXVariantGroup section */

/* Begin XCBuildConfiguration section */
		1EBC95CB1D7F209000E98C8C /* Debug */ = {
			isa = XCBuildConfiguration;
			buildSettings = {
				INFOPLIST_FILE = FastlaneBoxUITests/Info.plist;
				LD_RUNPATH_SEARCH_PATHS = "$(inherited) @executable_path/Frameworks @loader_path/Frameworks";
				PRODUCT_BUNDLE_IDENTIFIER = com.github.to4iki.FastlaneBoxUITests;
				PRODUCT_NAME = "$(TARGET_NAME)";
				TEST_TARGET_NAME = FastlaneBox;
			};
			name = Debug;
		};
		1EBC95CC1D7F209000E98C8C /* Release */ = {
			isa = XCBuildConfiguration;
			buildSettings = {
				INFOPLIST_FILE = FastlaneBoxUITests/Info.plist;
				LD_RUNPATH_SEARCH_PATHS = "$(inherited) @executable_path/Frameworks @loader_path/Frameworks";
				PRODUCT_BUNDLE_IDENTIFIER = com.github.to4iki.FastlaneBoxUITests;
				PRODUCT_NAME = "$(TARGET_NAME)";
				TEST_TARGET_NAME = FastlaneBox;
			};
			name = Release;
		};
		44585E961D7ED30E00C747E7 /* Debug */ = {
			isa = XCBuildConfiguration;
			buildSettings = {
				ALWAYS_SEARCH_USER_PATHS = NO;
				CLANG_ANALYZER_NONNULL = YES;
				CLANG_CXX_LANGUAGE_STANDARD = "gnu++0x";
				CLANG_CXX_LIBRARY = "libc++";
				CLANG_ENABLE_MODULES = YES;
				CLANG_ENABLE_OBJC_ARC = YES;
				CLANG_WARN_BOOL_CONVERSION = YES;
				CLANG_WARN_CONSTANT_CONVERSION = YES;
				CLANG_WARN_DIRECT_OBJC_ISA_USAGE = YES_ERROR;
				CLANG_WARN_EMPTY_BODY = YES;
				CLANG_WARN_ENUM_CONVERSION = YES;
				CLANG_WARN_INT_CONVERSION = YES;
				CLANG_WARN_OBJC_ROOT_CLASS = YES_ERROR;
				CLANG_WARN_UNREACHABLE_CODE = YES;
				CLANG_WARN__DUPLICATE_METHOD_MATCH = YES;
				"CODE_SIGN_IDENTITY[sdk=iphoneos*]" = "iPhone Developer";
				COPY_PHASE_STRIP = NO;
				DEBUG_INFORMATION_FORMAT = dwarf;
				ENABLE_STRICT_OBJC_MSGSEND = YES;
				ENABLE_TESTABILITY = YES;
				GCC_C_LANGUAGE_STANDARD = gnu99;
				GCC_DYNAMIC_NO_PIC = NO;
				GCC_NO_COMMON_BLOCKS = YES;
				GCC_OPTIMIZATION_LEVEL = 0;
				GCC_PREPROCESSOR_DEFINITIONS = (
					"DEBUG=1",
					"$(inherited)",
				);
				GCC_WARN_64_TO_32_BIT_CONVERSION = YES;
				GCC_WARN_ABOUT_RETURN_TYPE = YES_ERROR;
				GCC_WARN_UNDECLARED_SELECTOR = YES;
				GCC_WARN_UNINITIALIZED_AUTOS = YES_AGGRESSIVE;
				GCC_WARN_UNUSED_FUNCTION = YES;
				GCC_WARN_UNUSED_VARIABLE = YES;
				IPHONEOS_DEPLOYMENT_TARGET = 9.3;
				MTL_ENABLE_DEBUG_INFO = YES;
				ONLY_ACTIVE_ARCH = YES;
				SDKROOT = iphoneos;
				SWIFT_OPTIMIZATION_LEVEL = "-Onone";
			};
			name = Debug;
		};
		44585E971D7ED30E00C747E7 /* Release */ = {
			isa = XCBuildConfiguration;
			buildSettings = {
				ALWAYS_SEARCH_USER_PATHS = NO;
				CLANG_ANALYZER_NONNULL = YES;
				CLANG_CXX_LANGUAGE_STANDARD = "gnu++0x";
				CLANG_CXX_LIBRARY = "libc++";
				CLANG_ENABLE_MODULES = YES;
				CLANG_ENABLE_OBJC_ARC = YES;
				CLANG_WARN_BOOL_CONVERSION = YES;
				CLANG_WARN_CONSTANT_CONVERSION = YES;
				CLANG_WARN_DIRECT_OBJC_ISA_USAGE = YES_ERROR;
				CLANG_WARN_EMPTY_BODY = YES;
				CLANG_WARN_ENUM_CONVERSION = YES;
				CLANG_WARN_INT_CONVERSION = YES;
				CLANG_WARN_OBJC_ROOT_CLASS = YES_ERROR;
				CLANG_WARN_UNREACHABLE_CODE = YES;
				CLANG_WARN__DUPLICATE_METHOD_MATCH = YES;
				"CODE_SIGN_IDENTITY[sdk=iphoneos*]" = "iPhone Developer";
				COPY_PHASE_STRIP = NO;
				DEBUG_INFORMATION_FORMAT = "dwarf-with-dsym";
				ENABLE_NS_ASSERTIONS = NO;
				ENABLE_STRICT_OBJC_MSGSEND = YES;
				GCC_C_LANGUAGE_STANDARD = gnu99;
				GCC_NO_COMMON_BLOCKS = YES;
				GCC_WARN_64_TO_32_BIT_CONVERSION = YES;
				GCC_WARN_ABOUT_RETURN_TYPE = YES_ERROR;
				GCC_WARN_UNDECLARED_SELECTOR = YES;
				GCC_WARN_UNINITIALIZED_AUTOS = YES_AGGRESSIVE;
				GCC_WARN_UNUSED_FUNCTION = YES;
				GCC_WARN_UNUSED_VARIABLE = YES;
				IPHONEOS_DEPLOYMENT_TARGET = 9.3;
				MTL_ENABLE_DEBUG_INFO = NO;
				SDKROOT = iphoneos;
				VALIDATE_PRODUCT = YES;
			};
			name = Release;
		};
		44585E991D7ED30E00C747E7 /* Debug */ = {
			isa = XCBuildConfiguration;
			buildSettings = {
				ASSETCATALOG_COMPILER_APPICON_NAME = AppIcon;
				CODE_SIGN_IDENTITY = "iPhone Developer";
				INFOPLIST_FILE = FastlaneBox/Info.plist;
				LD_RUNPATH_SEARCH_PATHS = "$(inherited) @executable_path/Frameworks";
				PRODUCT_BUNDLE_IDENTIFIER = com.github.to4iki.FastlaneBox;
				PRODUCT_NAME = "$(TARGET_NAME)";
			};
			name = Debug;
		};
		44585E9A1D7ED30E00C747E7 /* Release */ = {
			isa = XCBuildConfiguration;
			buildSettings = {
				ASSETCATALOG_COMPILER_APPICON_NAME = AppIcon;
				CODE_SIGN_IDENTITY = "iPhone Developer";
				INFOPLIST_FILE = FastlaneBox/Info.plist;
				LD_RUNPATH_SEARCH_PATHS = "$(inherited) @executable_path/Frameworks";
				PRODUCT_BUNDLE_IDENTIFIER = com.github.to4iki.FastlaneBox;
				PRODUCT_NAME = "$(TARGET_NAME)";
			};
			name = Release;
		};
		44585E9C1D7ED30E00C747E7 /* Debug */ = {
			isa = XCBuildConfiguration;
			buildSettings = {
				BUNDLE_LOADER = "$(TEST_HOST)";
				INFOPLIST_FILE = FastlaneBoxTests/Info.plist;
				LD_RUNPATH_SEARCH_PATHS = "$(inherited) @executable_path/Frameworks @loader_path/Frameworks";
				PRODUCT_BUNDLE_IDENTIFIER = com.COMICSMART.GANMA.FastlaneBoxTests;
				PRODUCT_NAME = "$(TARGET_NAME)";
				TEST_HOST = "$(BUILT_PRODUCTS_DIR)/FastlaneBox.app/FastlaneBox";
			};
			name = Debug;
		};
		44585E9D1D7ED30E00C747E7 /* Release */ = {
			isa = XCBuildConfiguration;
			buildSettings = {
				BUNDLE_LOADER = "$(TEST_HOST)";
				INFOPLIST_FILE = FastlaneBoxTests/Info.plist;
				LD_RUNPATH_SEARCH_PATHS = "$(inherited) @executable_path/Frameworks @loader_path/Frameworks";
				PRODUCT_BUNDLE_IDENTIFIER = com.COMICSMART.GANMA.FastlaneBoxTests;
				PRODUCT_NAME = "$(TARGET_NAME)";
				TEST_HOST = "$(BUILT_PRODUCTS_DIR)/FastlaneBox.app/FastlaneBox";
			};
			name = Release;
		};
/* End XCBuildConfiguration section */

/* Begin XCConfigurationList section */
		1EBC95CD1D7F209000E98C8C /* Build configuration list for PBXNativeTarget "FastlaneBoxUITests" */ = {
			isa = XCConfigurationList;
			buildConfigurations = (
				1EBC95CB1D7F209000E98C8C /* Debug */,
				1EBC95CC1D7F209000E98C8C /* Release */,
			);
			defaultConfigurationIsVisible = 0;
			defaultConfigurationName = Release;
		};
		44585E761D7ED30E00C747E7 /* Build configuration list for PBXProject "FastlaneBox" */ = {
			isa = XCConfigurationList;
			buildConfigurations = (
				44585E961D7ED30E00C747E7 /* Debug */,
				44585E971D7ED30E00C747E7 /* Release */,
			);
			defaultConfigurationIsVisible = 0;
			defaultConfigurationName = Release;
		};
		44585E981D7ED30E00C747E7 /* Build configuration list for PBXNativeTarget "FastlaneBox" */ = {
			isa = XCConfigurationList;
			buildConfigurations = (
				44585E991D7ED30E00C747E7 /* Debug */,
				44585E9A1D7ED30E00C747E7 /* Release */,
			);
			defaultConfigurationIsVisible = 0;
			defaultConfigurationName = Release;
		};
		44585E9B1D7ED30E00C747E7 /* Build configuration list for PBXNativeTarget "FastlaneBoxTests" */ = {
			isa = XCConfigurationList;
			buildConfigurations = (
				44585E9C1D7ED30E00C747E7 /* Debug */,
				44585E9D1D7ED30E00C747E7 /* Release */,
			);
			defaultConfigurationIsVisible = 0;
			defaultConfigurationName = Release;
		};
/* End XCConfigurationList section */
	};
	rootObject = 44585E731D7ED30E00C747E7 /* Project object */;
}
