// !$*UTF8*$!
{
	archiveVersion = 1;
	classes = {
	};
	objectVersion = 46;
	objects = {

/* Begin PBXBuildFile section */
		1E78381C1CF99FD00035E2DA /* AppDelegate.swift in Sources */ = {isa = PBXBuildFile; fileRef = 1E78381B1CF99FD00035E2DA /* AppDelegate.swift */; };
		1E78381E1CF99FD00035E2DA /* ViewController.swift in Sources */ = {isa = PBXBuildFile; fileRef = 1E78381D1CF99FD00035E2DA /* ViewController.swift */; };
		1E7838211CF99FD00035E2DA /* Main.storyboard in Resources */ = {isa = PBXBuildFile; fileRef = 1E78381F1CF99FD00035E2DA /* Main.storyboard */; };
		1E7838231CF99FD00035E2DA /* Assets.xcassets in Resources */ = {isa = PBXBuildFile; fileRef = 1E7838221CF99FD00035E2DA /* Assets.xcassets */; };
		1E7838261CF99FD00035E2DA /* LaunchScreen.storyboard in Resources */ = {isa = PBXBuildFile; fileRef = 1E7838241CF99FD00035E2DA /* LaunchScreen.storyboard */; };
		1EB9B6DF1D05C34B003E07D2 /* PresentationController.swift in Sources */ = {isa = PBXBuildFile; fileRef = 1EB9B6DE1D05C34B003E07D2 /* PresentationController.swift */; };
		1EB9B6E21D05C779003E07D2 /* IntroductionPageViewController.swift in Sources */ = {isa = PBXBuildFile; fileRef = 1EB9B6E11D05C779003E07D2 /* IntroductionPageViewController.swift */; };
		1EB9B6E41D05C7C2003E07D2 /* Introduction.storyboard in Resources */ = {isa = PBXBuildFile; fileRef = 1EB9B6E31D05C7C2003E07D2 /* Introduction.storyboard */; };
		1EF5B9AE1D05D3EE00A7C0CB /* IntroductionPageViewControllerDataSource.swift in Sources */ = {isa = PBXBuildFile; fileRef = 1EF5B9AD1D05D3EE00A7C0CB /* IntroductionPageViewControllerDataSource.swift */; };
		1EF5B9B01D05D5FC00A7C0CB /* PageContentViewController.swift in Sources */ = {isa = PBXBuildFile; fileRef = 1EF5B9AF1D05D5FC00A7C0CB /* PageContentViewController.swift */; };
		4453E39F1D06863A00B3A2A9 /* IntroductionViewController.swift in Sources */ = {isa = PBXBuildFile; fileRef = 4453E39E1D06863A00B3A2A9 /* IntroductionViewController.swift */; };
/* End PBXBuildFile section */

/* Begin PBXFileReference section */
		1E7838181CF99FD00035E2DA /* Introduction.app */ = {isa = PBXFileReference; explicitFileType = wrapper.application; includeInIndex = 0; path = Introduction.app; sourceTree = BUILT_PRODUCTS_DIR; };
		1E78381B1CF99FD00035E2DA /* AppDelegate.swift */ = {isa = PBXFileReference; lastKnownFileType = sourcecode.swift; path = AppDelegate.swift; sourceTree = "<group>"; };
		1E78381D1CF99FD00035E2DA /* ViewController.swift */ = {isa = PBXFileReference; lastKnownFileType = sourcecode.swift; path = ViewController.swift; sourceTree = "<group>"; };
		1E7838201CF99FD00035E2DA /* Base */ = {isa = PBXFileReference; lastKnownFileType = file.storyboard; name = Base; path = Base.lproj/Main.storyboard; sourceTree = "<group>"; };
		1E7838221CF99FD00035E2DA /* Assets.xcassets */ = {isa = PBXFileReference; lastKnownFileType = folder.assetcatalog; path = Assets.xcassets; sourceTree = "<group>"; };
		1E7838251CF99FD00035E2DA /* Base */ = {isa = PBXFileReference; lastKnownFileType = file.storyboard; name = Base; path = Base.lproj/LaunchScreen.storyboard; sourceTree = "<group>"; };
		1E7838271CF99FD00035E2DA /* Info.plist */ = {isa = PBXFileReference; lastKnownFileType = text.plist.xml; path = Info.plist; sourceTree = "<group>"; };
		1EB9B6DE1D05C34B003E07D2 /* PresentationController.swift */ = {isa = PBXFileReference; fileEncoding = 4; lastKnownFileType = sourcecode.swift; path = PresentationController.swift; sourceTree = "<group>"; };
		1EB9B6E11D05C779003E07D2 /* IntroductionPageViewController.swift */ = {isa = PBXFileReference; fileEncoding = 4; lastKnownFileType = sourcecode.swift; path = IntroductionPageViewController.swift; sourceTree = "<group>"; };
		1EB9B6E31D05C7C2003E07D2 /* Introduction.storyboard */ = {isa = PBXFileReference; fileEncoding = 4; lastKnownFileType = file.storyboard; path = Introduction.storyboard; sourceTree = "<group>"; };
		1EF5B9AD1D05D3EE00A7C0CB /* IntroductionPageViewControllerDataSource.swift */ = {isa = PBXFileReference; fileEncoding = 4; lastKnownFileType = sourcecode.swift; path = IntroductionPageViewControllerDataSource.swift; sourceTree = "<group>"; };
		1EF5B9AF1D05D5FC00A7C0CB /* PageContentViewController.swift */ = {isa = PBXFileReference; fileEncoding = 4; lastKnownFileType = sourcecode.swift; path = PageContentViewController.swift; sourceTree = "<group>"; };
		4453E39E1D06863A00B3A2A9 /* IntroductionViewController.swift */ = {isa = PBXFileReference; fileEncoding = 4; lastKnownFileType = sourcecode.swift; path = IntroductionViewController.swift; sourceTree = "<group>"; };
/* End PBXFileReference section */

/* Begin PBXFrameworksBuildPhase section */
		1E7838151CF99FD00035E2DA /* Frameworks */ = {
			isa = PBXFrameworksBuildPhase;
			buildActionMask = 2147483647;
			files = (
			);
			runOnlyForDeploymentPostprocessing = 0;
		};
/* End PBXFrameworksBuildPhase section */

/* Begin PBXGroup section */
		1E465C1F1D05DC36009A2911 /* page */ = {
			isa = PBXGroup;
			children = (
				1EB9B6E11D05C779003E07D2 /* IntroductionPageViewController.swift */,
				1EF5B9AD1D05D3EE00A7C0CB /* IntroductionPageViewControllerDataSource.swift */,
				1EF5B9AF1D05D5FC00A7C0CB /* PageContentViewController.swift */,
			);
			path = page;
			sourceTree = "<group>";
		};
		1E78380F1CF99FD00035E2DA = {
			isa = PBXGroup;
			children = (
				1E78381A1CF99FD00035E2DA /* Introduction */,
				1E7838191CF99FD00035E2DA /* Products */,
			);
			sourceTree = "<group>";
		};
		1E7838191CF99FD00035E2DA /* Products */ = {
			isa = PBXGroup;
			children = (
				1E7838181CF99FD00035E2DA /* Introduction.app */,
			);
			name = Products;
			sourceTree = "<group>";
		};
		1E78381A1CF99FD00035E2DA /* Introduction */ = {
			isa = PBXGroup;
			children = (
				1E78382D1CF99FE30035E2DA /* presentation */,
				1E78381B1CF99FD00035E2DA /* AppDelegate.swift */,
				1E7838271CF99FD00035E2DA /* Info.plist */,
			);
			path = Introduction;
			sourceTree = "<group>";
		};
		1E78382D1CF99FE30035E2DA /* presentation */ = {
			isa = PBXGroup;
			children = (
				1E78382E1CF9A00A0035E2DA /* view */,
				1E78382F1CF9A00E0035E2DA /* viewController */,
			);
			path = presentation;
			sourceTree = "<group>";
		};
		1E78382E1CF9A00A0035E2DA /* view */ = {
			isa = PBXGroup;
			children = (
				1EB9B6E01D05C4E9003E07D2 /* modal */,
				1E7838221CF99FD00035E2DA /* Assets.xcassets */,
				1EB9B6E31D05C7C2003E07D2 /* Introduction.storyboard */,
				1E7838241CF99FD00035E2DA /* LaunchScreen.storyboard */,
				1E78381F1CF99FD00035E2DA /* Main.storyboard */,
			);
			path = view;
			sourceTree = "<group>";
		};
		1E78382F1CF9A00E0035E2DA /* viewController */ = {
			isa = PBXGroup;
			children = (
				1E465C1F1D05DC36009A2911 /* page */,
				4453E39E1D06863A00B3A2A9 /* IntroductionViewController.swift */,
				1E78381D1CF99FD00035E2DA /* ViewController.swift */,
			);
			path = viewController;
			sourceTree = "<group>";
		};
		1EB9B6E01D05C4E9003E07D2 /* modal */ = {
			isa = PBXGroup;
			children = (
				1EB9B6DE1D05C34B003E07D2 /* PresentationController.swift */,
			);
			path = modal;
			sourceTree = "<group>";
		};
/* End PBXGroup section */

/* Begin PBXNativeTarget section */
		1E7838171CF99FD00035E2DA /* Introduction */ = {
			isa = PBXNativeTarget;
			buildConfigurationList = 1E78382A1CF99FD00035E2DA /* Build configuration list for PBXNativeTarget "Introduction" */;
			buildPhases = (
				1E7838141CF99FD00035E2DA /* Sources */,
				1E7838151CF99FD00035E2DA /* Frameworks */,
				1E7838161CF99FD00035E2DA /* Resources */,
			);
			buildRules = (
			);
			dependencies = (
			);
			name = Introduction;
			productName = Introduction;
			productReference = 1E7838181CF99FD00035E2DA /* Introduction.app */;
			productType = "com.apple.product-type.application";
		};
/* End PBXNativeTarget section */

/* Begin PBXProject section */
		1E7838101CF99FD00035E2DA /* Project object */ = {
			isa = PBXProject;
			attributes = {
				LastSwiftUpdateCheck = 0730;
				LastUpgradeCheck = 0730;
				ORGANIZATIONNAME = to4iki;
				TargetAttributes = {
					1E7838171CF99FD00035E2DA = {
						CreatedOnToolsVersion = 7.3.1;
						DevelopmentTeam = KX9834768X;
					};
				};
			};
			buildConfigurationList = 1E7838131CF99FD00035E2DA /* Build configuration list for PBXProject "Introduction" */;
			compatibilityVersion = "Xcode 3.2";
			developmentRegion = English;
			hasScannedForEncodings = 0;
			knownRegions = (
				en,
				Base,
			);
			mainGroup = 1E78380F1CF99FD00035E2DA;
			productRefGroup = 1E7838191CF99FD00035E2DA /* Products */;
			projectDirPath = "";
			projectRoot = "";
			targets = (
				1E7838171CF99FD00035E2DA /* Introduction */,
			);
		};
/* End PBXProject section */

/* Begin PBXResourcesBuildPhase section */
		1E7838161CF99FD00035E2DA /* Resources */ = {
			isa = PBXResourcesBuildPhase;
			buildActionMask = 2147483647;
			files = (
				1E7838261CF99FD00035E2DA /* LaunchScreen.storyboard in Resources */,
				1E7838231CF99FD00035E2DA /* Assets.xcassets in Resources */,
				1E7838211CF99FD00035E2DA /* Main.storyboard in Resources */,
				1EB9B6E41D05C7C2003E07D2 /* Introduction.storyboard in Resources */,
			);
			runOnlyForDeploymentPostprocessing = 0;
		};
/* End PBXResourcesBuildPhase section */

/* Begin PBXSourcesBuildPhase section */
		1E7838141CF99FD00035E2DA /* Sources */ = {
			isa = PBXSourcesBuildPhase;
			buildActionMask = 2147483647;
			files = (
				1E78381E1CF99FD00035E2DA /* ViewController.swift in Sources */,
				1E78381C1CF99FD00035E2DA /* AppDelegate.swift in Sources */,
				1EB9B6DF1D05C34B003E07D2 /* PresentationController.swift in Sources */,
				1EB9B6E21D05C779003E07D2 /* IntroductionPageViewController.swift in Sources */,
				1EF5B9B01D05D5FC00A7C0CB /* PageContentViewController.swift in Sources */,
				1EF5B9AE1D05D3EE00A7C0CB /* IntroductionPageViewControllerDataSource.swift in Sources */,
				4453E39F1D06863A00B3A2A9 /* IntroductionViewController.swift in Sources */,
			);
			runOnlyForDeploymentPostprocessing = 0;
		};
/* End PBXSourcesBuildPhase section */

/* Begin PBXVariantGroup section */
		1E78381F1CF99FD00035E2DA /* Main.storyboard */ = {
			isa = PBXVariantGroup;
			children = (
				1E7838201CF99FD00035E2DA /* Base */,
			);
			name = Main.storyboard;
			path = .;
			sourceTree = "<group>";
		};
		1E7838241CF99FD00035E2DA /* LaunchScreen.storyboard */ = {
			isa = PBXVariantGroup;
			children = (
				1E7838251CF99FD00035E2DA /* Base */,
			);
			name = LaunchScreen.storyboard;
			path = .;
			sourceTree = "<group>";
		};
/* End PBXVariantGroup section */

/* Begin XCBuildConfiguration section */
		1E7838281CF99FD00035E2DA /* Debug */ = {
			isa = XCBuildConfiguration;
			buildSettings = {
				ALWAYS_SEARCH_USER_PATHS = NO;
				CLANG_ANALYZER_NONNULL = YES;
				CLANG_CXX_LANGUAGE_STANDARD = "gnu++0x";
				CLANG_CXX_LIBRARY = "libc++";
				CLANG_ENABLE_MODULES = YES;
				CLANG_ENABLE_OBJC_ARC = YES;
				CLANG_WARN_BOOL_CONVERSION = YES;
				CLANG_WARN_CONSTANT_CONVERSION = YES;
				CLANG_WARN_DIRECT_OBJC_ISA_USAGE = YES_ERROR;
				CLANG_WARN_EMPTY_BODY = YES;
				CLANG_WARN_ENUM_CONVERSION = YES;
				CLANG_WARN_INT_CONVERSION = YES;
				CLANG_WARN_OBJC_ROOT_CLASS = YES_ERROR;
				CLANG_WARN_UNREACHABLE_CODE = YES;
				CLANG_WARN__DUPLICATE_METHOD_MATCH = YES;
				"CODE_SIGN_IDENTITY[sdk=iphoneos*]" = "iPhone Developer";
				COPY_PHASE_STRIP = NO;
				DEBUG_INFORMATION_FORMAT = dwarf;
				ENABLE_STRICT_OBJC_MSGSEND = YES;
				ENABLE_TESTABILITY = YES;
				GCC_C_LANGUAGE_STANDARD = gnu99;
				GCC_DYNAMIC_NO_PIC = NO;
				GCC_NO_COMMON_BLOCKS = YES;
				GCC_OPTIMIZATION_LEVEL = 0;
				GCC_PREPROCESSOR_DEFINITIONS = (
					"DEBUG=1",
					"$(inherited)",
				);
				GCC_WARN_64_TO_32_BIT_CONVERSION = YES;
				GCC_WARN_ABOUT_RETURN_TYPE = YES_ERROR;
				GCC_WARN_UNDECLARED_SELECTOR = YES;
				GCC_WARN_UNINITIALIZED_AUTOS = YES_AGGRESSIVE;
				GCC_WARN_UNUSED_FUNCTION = YES;
				GCC_WARN_UNUSED_VARIABLE = YES;
				IPHONEOS_DEPLOYMENT_TARGET = 9.3;
				MTL_ENABLE_DEBUG_INFO = YES;
				ONLY_ACTIVE_ARCH = YES;
				SDKROOT = iphoneos;
				SWIFT_OPTIMIZATION_LEVEL = "-Onone";
			};
			name = Debug;
		};
		1E7838291CF99FD00035E2DA /* Release */ = {
			isa = XCBuildConfiguration;
			buildSettings = {
				ALWAYS_SEARCH_USER_PATHS = NO;
				CLANG_ANALYZER_NONNULL = YES;
				CLANG_CXX_LANGUAGE_STANDARD = "gnu++0x";
				CLANG_CXX_LIBRARY = "libc++";
				CLANG_ENABLE_MODULES = YES;
				CLANG_ENABLE_OBJC_ARC = YES;
				CLANG_WARN_BOOL_CONVERSION = YES;
				CLANG_WARN_CONSTANT_CONVERSION = YES;
				CLANG_WARN_DIRECT_OBJC_ISA_USAGE = YES_ERROR;
				CLANG_WARN_EMPTY_BODY = YES;
				CLANG_WARN_ENUM_CONVERSION = YES;
				CLANG_WARN_INT_CONVERSION = YES;
				CLANG_WARN_OBJC_ROOT_CLASS = YES_ERROR;
				CLANG_WARN_UNREACHABLE_CODE = YES;
				CLANG_WARN__DUPLICATE_METHOD_MATCH = YES;
				"CODE_SIGN_IDENTITY[sdk=iphoneos*]" = "iPhone Developer";
				COPY_PHASE_STRIP = NO;
				DEBUG_INFORMATION_FORMAT = "dwarf-with-dsym";
				ENABLE_NS_ASSERTIONS = NO;
				ENABLE_STRICT_OBJC_MSGSEND = YES;
				GCC_C_LANGUAGE_STANDARD = gnu99;
				GCC_NO_COMMON_BLOCKS = YES;
				GCC_WARN_64_TO_32_BIT_CONVERSION = YES;
				GCC_WARN_ABOUT_RETURN_TYPE = YES_ERROR;
				GCC_WARN_UNDECLARED_SELECTOR = YES;
				GCC_WARN_UNINITIALIZED_AUTOS = YES_AGGRESSIVE;
				GCC_WARN_UNUSED_FUNCTION = YES;
				GCC_WARN_UNUSED_VARIABLE = YES;
				IPHONEOS_DEPLOYMENT_TARGET = 9.3;
				MTL_ENABLE_DEBUG_INFO = NO;
				SDKROOT = iphoneos;
				VALIDATE_PRODUCT = YES;
			};
			name = Release;
		};
		1E78382B1CF99FD00035E2DA /* Debug */ = {
			isa = XCBuildConfiguration;
			buildSettings = {
				ASSETCATALOG_COMPILER_APPICON_NAME = AppIcon;
				INFOPLIST_FILE = Introduction/Info.plist;
				LD_RUNPATH_SEARCH_PATHS = "$(inherited) @executable_path/Frameworks";
				PRODUCT_BUNDLE_IDENTIFIER = com.github.to4iki.Introduction;
				PRODUCT_NAME = "$(TARGET_NAME)";
			};
			name = Debug;
		};
		1E78382C1CF99FD00035E2DA /* Release */ = {
			isa = XCBuildConfiguration;
			buildSettings = {
				ASSETCATALOG_COMPILER_APPICON_NAME = AppIcon;
				INFOPLIST_FILE = Introduction/Info.plist;
				LD_RUNPATH_SEARCH_PATHS = "$(inherited) @executable_path/Frameworks";
				PRODUCT_BUNDLE_IDENTIFIER = com.github.to4iki.Introduction;
				PRODUCT_NAME = "$(TARGET_NAME)";
			};
			name = Release;
		};
/* End XCBuildConfiguration section */

/* Begin XCConfigurationList section */
		1E7838131CF99FD00035E2DA /* Build configuration list for PBXProject "Introduction" */ = {
			isa = XCConfigurationList;
			buildConfigurations = (
				1E7838281CF99FD00035E2DA /* Debug */,
				1E7838291CF99FD00035E2DA /* Release */,
			);
			defaultConfigurationIsVisible = 0;
			defaultConfigurationName = Release;
		};
		1E78382A1CF99FD00035E2DA /* Build configuration list for PBXNativeTarget "Introduction" */ = {
			isa = XCConfigurationList;
			buildConfigurations = (
				1E78382B1CF99FD00035E2DA /* Debug */,
				1E78382C1CF99FD00035E2DA /* Release */,
			);
			defaultConfigurationIsVisible = 0;
			defaultConfigurationName = Release;
		};
/* End XCConfigurationList section */
	};
	rootObject = 1E7838101CF99FD00035E2DA /* Project object */;
}
